<?xml version="1.0" encoding="utf-8"?>
<Project ToolsVersion="4.0" xmlns="http://schemas.microsoft.com/developer/msbuild/2003">
  <ItemGroup>
    <Filter Include="Form Files">
      <UniqueIdentifier>{99349809-55BA-4b9d-BF79-8FDBB0286EB3}</UniqueIdentifier>
      <Extensions>ui</Extensions>
      <ParseFiles>false</ParseFiles>
    </Filter>
    <Filter Include="Form Files">
      <UniqueIdentifier>{99349809-55BA-4b9d-BF79-8FDBB0286EB3}</UniqueIdentifier>
      <Extensions>ui</Extensions>
      <ParseFiles>false</ParseFiles>
    </Filter>
    <Filter Include="Generated Files">
      <UniqueIdentifier>{71ED8ED8-ACB9-4CE9-BBE1-E00B30144E11}</UniqueIdentifier>
      <Extensions>cpp;c;cxx;moc;h;def;odl;idl;res;</Extensions>
    </Filter>
    <Filter Include="Generated Files">
      <UniqueIdentifier>{71ED8ED8-ACB9-4CE9-BBE1-E00B30144E11}</UniqueIdentifier>
      <Extensions>cpp;c;cxx;moc;h;def;odl;idl;res;</Extensions>
    </Filter>
    <Filter Include="Header Files">
      <UniqueIdentifier>{93995380-89BD-4b04-88EB-625FBE52EBFB}</UniqueIdentifier>
      <Extensions>h;hpp;hxx;hm;inl;inc;xsd</Extensions>
    </Filter>
    <Filter Include="Header Files">
      <UniqueIdentifier>{93995380-89BD-4b04-88EB-625FBE52EBFB}</UniqueIdentifier>
      <Extensions>h;hpp;hxx;hm;inl;inc;xsd</Extensions>
    </Filter>
    <Filter Include="Source Files">
      <UniqueIdentifier>{4FC737F1-C7A5-4376-A066-2A32D752A2FF}</UniqueIdentifier>
      <Extensions>cpp;c;cxx;def;odl;idl;hpj;bat;asm;asmx</Extensions>
    </Filter>
    <Filter Include="Source Files">
      <UniqueIdentifier>{4FC737F1-C7A5-4376-A066-2A32D752A2FF}</UniqueIdentifier>
      <Extensions>cpp;c;cxx;def;odl;idl;hpj;bat;asm;asmx</Extensions>
    </Filter>
  </ItemGroup>
  <ItemGroup>
    <ClCompile Include="Modules\Opus\BabelEncoder.cpp">
      <Filter>Source Files</Filter>
    </ClCompile>
    <ClCompile Include="Modules\PortAudio\BabelSound.cpp">
      <Filter>Source Files</Filter>
    </ClCompile>
    <ClCompile Include="Client\CCommandsValue.cpp">
      <Filter>Source Files</Filter>
    </ClCompile>
    <ClCompile Include="Gui\Connection.cpp">
      <Filter>Source Files</Filter>
    </ClCompile>
    <ClCompile Include="Gui\Home.cpp">
      <Filter>Source Files</Filter>
    </ClCompile>
    <ClCompile Include="Modules\OpenCV\OpenCV.cpp">
      <Filter>Source Files</Filter>
    </ClCompile>
    <ClCompile Include="Modules\Packet\Packet.cpp">
      <Filter>Source Files</Filter>
    </ClCompile>
    <ClCompile Include="Modules\Packet\PacketInfo.cpp">
      <Filter>Source Files</Filter>
    </ClCompile>
    <ClCompile Include="Modules\Packet\Parser.cpp">
      <Filter>Source Files</Filter>
    </ClCompile>
    <ClCompile Include="Modules\Packet\Serialize.cpp">
      <Filter>Source Files</Filter>
    </ClCompile>
    <ClCompile Include="Gui\Subscribe.cpp">
      <Filter>Source Files</Filter>
    </ClCompile>
    <ClCompile Include="Client\ThreadCom.cpp">
      <Filter>Source Files</Filter>
    </ClCompile>
    <ClCompile Include="Modules\Network\UClientInfo.cpp">
      <Filter>Source Files</Filter>
    </ClCompile>
    <ClCompile Include="Modules\Network\UNetwork.cpp">
      <Filter>Source Files</Filter>
    </ClCompile>
    <ClCompile Include="Modules\Network\WClientInfo.cpp">
      <Filter>Source Files</Filter>
    </ClCompile>
    <ClCompile Include="Modules\Network\WNetwork.cpp">
      <Filter>Source Files</Filter>
    </ClCompile>
    <ClCompile Include="Modules\XML\XMLParser.cpp">
      <Filter>Source Files</Filter>
    </ClCompile>
    <ClCompile Include="Gui\main.cpp">
      <Filter>Source Files</Filter>
    </ClCompile>
  </ItemGroup>
  <ItemGroup>
    <ClInclude Include="Includes\ACommandsValue.hpp">
      <Filter>Header Files</Filter>
    </ClInclude>
    <ClInclude Include="Includes\BabelEncoder.hh">
      <Filter>Header Files</Filter>
    </ClInclude>
    <ClInclude Include="Includes\BabelSound.hh">
      <Filter>Header Files</Filter>
    </ClInclude>
    <CustomBuild Include="Includes\CCommandsValue.hh">
      <Filter>Header Files</Filter>
    </CustomBuild>
    <CustomBuild Include="Includes\Connection.hh">
      <Filter>Header Files</Filter>
    </CustomBuild>
    <CustomBuild Include="Includes\Home.hh">
      <Filter>Header Files</Filter>
    </CustomBuild>
    <ClInclude Include="Includes\IBabelEncoder.hh">
      <Filter>Header Files</Filter>
    </ClInclude>
    <ClInclude Include="Includes\IBabelSound.hh">
      <Filter>Header Files</Filter>
    </ClInclude>
    <ClInclude Include="Includes\IGui.hh">
      <Filter>Header Files</Filter>
    </ClInclude>
    <ClInclude Include="Includes\IModule.hh">
      <Filter>Header Files</Filter>
    </ClInclude>
    <ClInclude Include="Includes\INetwork.hh">
      <Filter>Header Files</Filter>
    </ClInclude>
    <ClInclude Include="Includes\IPacket.hpp">
      <Filter>Header Files</Filter>
    </ClInclude>
    <ClInclude Include="Includes\IPacketInfo.hpp">
      <Filter>Header Files</Filter>
    </ClInclude>
    <ClInclude Include="Includes\ISerialize.hpp">
      <Filter>Header Files</Filter>
    </ClInclude>
    <ClInclude Include="Includes\Network.hh">
      <Filter>Header Files</Filter>
    </ClInclude>
    <CustomBuild Include="Includes\OpenCV.hh">
      <Filter>Header Files</Filter>
    </CustomBuild>
    <ClInclude Include="Includes\Packet.hh">
      <Filter>Header Files</Filter>
    </ClInclude>
    <ClInclude Include="Includes\PacketInfo.hh">
      <Filter>Header Files</Filter>
    </ClInclude>
    <ClInclude Include="Includes\Parser.hh">
      <Filter>Header Files</Filter>
    </ClInclude>
    <ClInclude Include="Includes\Serialize.hh">
      <Filter>Header Files</Filter>
    </ClInclude>
    <CustomBuild Include="Includes\Subscribe.hh">
      <Filter>Header Files</Filter>
    </CustomBuild>
    <CustomBuild Include="Includes\ThreadCom.hh">
      <Filter>Header Files</Filter>
    </CustomBuild>
    <ClInclude Include="Includes\UClientInfo.hh">
      <Filter>Header Files</Filter>
    </ClInclude>
    <ClInclude Include="Includes\WClientInfo.hh">
      <Filter>Header Files</Filter>
    </ClInclude>
    <ClInclude Include="GeneratedFiles\ui_Connection.h">
      <Filter>Generated Files</Filter>
    </ClInclude>
    <ClInclude Include="GeneratedFiles\ui_Home.h">
      <Filter>Generated Files</Filter>
    </ClInclude>
    <ClInclude Include="GeneratedFiles\ui_Subscribe.h">
      <Filter>Generated Files</Filter>
    </ClInclude>
  </ItemGroup>
  <ItemGroup>
    <ClCompile Include="debug\moc_CCommandsValue.cpp">
      <Filter>Generated Files</Filter>
    </ClCompile>
    <ClCompile Include="release\moc_CCommandsValue.cpp">
      <Filter>Generated Files</Filter>
    </ClCompile>
    <ClCompile Include="debug\moc_Connection.cpp">
      <Filter>Generated Files</Filter>
    </ClCompile>
    <ClCompile Include="release\moc_Connection.cpp">
      <Filter>Generated Files</Filter>
    </ClCompile>
    <ClCompile Include="debug\moc_Home.cpp">
      <Filter>Generated Files</Filter>
    </ClCompile>
    <ClCompile Include="release\moc_Home.cpp">
      <Filter>Generated Files</Filter>
    </ClCompile>
    <ClCompile Include="debug\moc_OpenCV.cpp">
      <Filter>Generated Files</Filter>
    </ClCompile>
    <ClCompile Include="release\moc_OpenCV.cpp">
      <Filter>Generated Files</Filter>
    </ClCompile>
    <ClCompile Include="debug\moc_Subscribe.cpp">
      <Filter>Generated Files</Filter>
    </ClCompile>
    <ClCompile Include="release\moc_Subscribe.cpp">
      <Filter>Generated Files</Filter>
    </ClCompile>
    <ClCompile Include="debug\moc_ThreadCom.cpp">
      <Filter>Generated Files</Filter>
    </ClCompile>
    <ClCompile Include="release\moc_ThreadCom.cpp">
      <Filter>Generated Files</Filter>
    </ClCompile>
  </ItemGroup>
  <ItemGroup>
    <CustomBuild Include="Gui\Ui\Connection.ui">
      <Filter>Form Files</Filter>
    </CustomBuild>
    <CustomBuild Include="Gui\Ui\Home.ui">
      <Filter>Form Files</Filter>
    </CustomBuild>
    <CustomBuild Include="Gui\Ui\Subscribe.ui">
      <Filter>Form Files</Filter>
    </CustomBuild>
  </ItemGroup>
</Project>